
Microsoft Visual Studio Solution File, Format Version 12.00
# Visual Studio Version 17
VisualStudioVersion = 17.3.32929.385
MinimumVisualStudioVersion = 10.0.40219.1
Project("{FAE04EC0-301F-11D3-BF4B-00C04F79EFBC}") = "Project1", "Project1\Project1.csproj", "{0C23916C-6A82-4AA7-BEF2-72138C7CA63B}"
EndProject
Global
	GlobalSection(SolutionConfigurationPlatforms) = preSolution
		Debug|Any CPU = Debug|Any CPU
		Release|Any CPU = Release|Any CPU
	EndGlobalSection
	GlobalSection(ProjectConfigurationPlatforms) = postSolution
		{0C23916C-6A82-4AA7-BEF2-72138C7CA63B}.Debug|Any CPU.ActiveCfg = Debug|Any CPU
		{0C23916C-6A82-4AA7-BEF2-72138C7CA63B}.Debug|Any CPU.Build.0 = Debug|Any CPU
		{0C23916C-6A82-4AA7-BEF2-72138C7CA63B}.Release|Any CPU.ActiveCfg = Release|Any CPU
		{0C23916C-6A82-4AA7-BEF2-72138C7CA63B}.Release|Any CPU.Build.0 = Release|Any CPU
	EndGlobalSection
	GlobalSection(SolutionProperties) = preSolution
		HideSolutionNode = FALSE
	EndGlobalSection
	GlobalSection(ExtensibilityGlobals) = postSolution
		SolutionGuid = {0052E417-8BDE-4337-A2A5-585EBAD48213}
	EndGlobalSection
EndGlobal
